{
  "name": "staruml-ddl.v2",
  "version": "0.0.6",
  "lockfileVersion": 1,
  "requires": true,
  "dependencies": {
    "big-integer": {
      "version": "1.6.48",
      "resolved": "https://registry.npmjs.org/big-integer/-/big-integer-1.6.48.tgz",
      "integrity": "sha512-j51egjPa7/i+RdiRuJbPdJ2FIUYYPhvYLjzoYbcMMm62ooO6F94fETG4MTs46zPAF9Brs04OajboA/qTGuz78w=="
    },
    "mustache": {
      "version": "4.2.0",
      "resolved": "https://registry.npmjs.org/mustache/-/mustache-4.2.0.tgz",
      "integrity": "sha512-71ippSywq5Yb7/tVYyGbkBggbU8H3u5Rz56fH60jGFgr8uHwxs+aSKeqmluIVzM0m0kB7xQjKS6qPfd0b2ZoqQ=="
    },
    "node-sql-parser": {
      "version": "3.6.3",
      "resolved": "https://registry.npmjs.org/node-sql-parser/-/node-sql-parser-3.6.3.tgz",
      "integrity": "sha512-oo/tckpIxh3JjRs3P4kB/72OA+33Sq7hAwpXKrYkXMToQdpi94a5EXL2FgwGxpZ9IN3R+m3SbrnPS3LKPBWM5Q==",
      "requires": {
        "big-integer": "^1.6.48"
      }
    }
  }
}
